
Microsoft Visual Studio Solution File, Format Version 12.00
# Visual Studio Version 17
VisualStudioVersion = 17.11.35327.3
MinimumVisualStudioVersion = 10.0.40219.1
Project("{9A19103F-16F7-4668-BE54-9A1E7A4F7556}") = "BookMyCut", "BookMyCut\BookMyCut.csproj", "{FDDC5029-C03D-4233-A805-279E8902FCDD}"
EndProject
Global
	GlobalSection(SolutionConfigurationPlatforms) = preSolution
		Debug|Any CPU = Debug|Any CPU
		Release|Any CPU = Release|Any CPU
	EndGlobalSection
	GlobalSection(ProjectConfigurationPlatforms) = postSolution
		{FDDC5029-C03D-4233-A805-279E8902FCDD}.Debug|Any CPU.ActiveCfg = Debug|Any CPU
		{FDDC5029-C03D-4233-A805-279E8902FCDD}.Debug|Any CPU.Build.0 = Debug|Any CPU
		{FDDC5029-C03D-4233-A805-279E8902FCDD}.Release|Any CPU.ActiveCfg = Release|Any CPU
		{FDDC5029-C03D-4233-A805-279E8902FCDD}.Release|Any CPU.Build.0 = Release|Any CPU
	EndGlobalSection
	GlobalSection(SolutionProperties) = preSolution
		HideSolutionNode = FALSE
	EndGlobalSection
	GlobalSection(ExtensibilityGlobals) = postSolution
		SolutionGuid = {6BE8CE18-148C-43AD-A54D-F8D8733F9958}
	EndGlobalSection
EndGlobal
